
Microsoft Visual Studio Solution File, Format Version 12.00
# Visual Studio Version 17
VisualStudioVersion = 17.8.34525.116
MinimumVisualStudioVersion = 10.0.40219.1
Project("{9A19103F-16F7-4668-BE54-9A1E7A4F7556}") = "TuringMachine", "TuringMachine.csproj", "{CDABAB2F-DE71-42A5-B67D-1510C901C5DC}"
EndProject
Global
	GlobalSection(SolutionConfigurationPlatforms) = preSolution
		Debug|Any CPU = Debug|Any CPU
		Release|Any CPU = Release|Any CPU
	EndGlobalSection
	GlobalSection(ProjectConfigurationPlatforms) = postSolution
		{CDABAB2F-DE71-42A5-B67D-1510C901C5DC}.Debug|Any CPU.ActiveCfg = Debug|Any CPU
		{CDABAB2F-DE71-42A5-B67D-1510C901C5DC}.Debug|Any CPU.Build.0 = Debug|Any CPU
		{CDABAB2F-DE71-42A5-B67D-1510C901C5DC}.Release|Any CPU.ActiveCfg = Release|Any CPU
		{CDABAB2F-DE71-42A5-B67D-1510C901C5DC}.Release|Any CPU.Build.0 = Release|Any CPU
	EndGlobalSection
	GlobalSection(SolutionProperties) = preSolution
		HideSolutionNode = FALSE
	EndGlobalSection
	GlobalSection(ExtensibilityGlobals) = postSolution
		SolutionGuid = {77316B0C-8B93-4351-824D-4546E8523E0F}
	EndGlobalSection
EndGlobal
